
Microsoft Visual Studio Solution File, Format Version 12.00
# Visual Studio Version 17
VisualStudioVersion = 17.10.34928.147
MinimumVisualStudioVersion = 10.0.40219.1
Project("{FAE04EC0-301F-11D3-BF4B-00C04F79EFBC}") = "InvoiceSystem", "InvoiceSystem.csproj", "{2ED9D3C4-5171-4600-B5D7-5BB16C232D9A}"
EndProject
Project("{FAE04EC0-301F-11D3-BF4B-00C04F79EFBC}") = "InvoiceData", "..\InvoiceData\InvoiceData.csproj", "{51EA0B4D-EE00-47F7-8024-802B46D63D6D}"
EndProject
Project("{FAE04EC0-301F-11D3-BF4B-00C04F79EFBC}") = "InvoiceServices", "..\InvoiceServices\InvoiceServices.csproj", "{A251631B-D024-47B7-B5CD-ADB2621C359E}"
EndProject
Global
	GlobalSection(SolutionConfigurationPlatforms) = preSolution
		Debug|Any CPU = Debug|Any CPU
		Release|Any CPU = Release|Any CPU
	EndGlobalSection
	GlobalSection(ProjectConfigurationPlatforms) = postSolution
		{2ED9D3C4-5171-4600-B5D7-5BB16C232D9A}.Debug|Any CPU.ActiveCfg = Debug|Any CPU
		{2ED9D3C4-5171-4600-B5D7-5BB16C232D9A}.Debug|Any CPU.Build.0 = Debug|Any CPU
		{2ED9D3C4-5171-4600-B5D7-5BB16C232D9A}.Release|Any CPU.ActiveCfg = Release|Any CPU
		{2ED9D3C4-5171-4600-B5D7-5BB16C232D9A}.Release|Any CPU.Build.0 = Release|Any CPU
		{51EA0B4D-EE00-47F7-8024-802B46D63D6D}.Debug|Any CPU.ActiveCfg = Debug|Any CPU
		{51EA0B4D-EE00-47F7-8024-802B46D63D6D}.Debug|Any CPU.Build.0 = Debug|Any CPU
		{51EA0B4D-EE00-47F7-8024-802B46D63D6D}.Release|Any CPU.ActiveCfg = Release|Any CPU
		{51EA0B4D-EE00-47F7-8024-802B46D63D6D}.Release|Any CPU.Build.0 = Release|Any CPU
		{A251631B-D024-47B7-B5CD-ADB2621C359E}.Debug|Any CPU.ActiveCfg = Debug|Any CPU
		{A251631B-D024-47B7-B5CD-ADB2621C359E}.Debug|Any CPU.Build.0 = Debug|Any CPU
		{A251631B-D024-47B7-B5CD-ADB2621C359E}.Release|Any CPU.ActiveCfg = Release|Any CPU
		{A251631B-D024-47B7-B5CD-ADB2621C359E}.Release|Any CPU.Build.0 = Release|Any CPU
	EndGlobalSection
	GlobalSection(SolutionProperties) = preSolution
		HideSolutionNode = FALSE
	EndGlobalSection
	GlobalSection(ExtensibilityGlobals) = postSolution
		SolutionGuid = {580B123D-5ADD-4810-B1BF-D47C951F5E3F}
	EndGlobalSection
EndGlobal
